# Tested Windows x64 runtime/build versions. Python 3.14.
# MediaPipe supplies opencv-contrib-python; do not install a second cv2 wheel.
mediapipe==0.10.33
opencv-contrib-python==4.13.0.92
numpy==2.4.4
PyQt6==6.11.0
PyQt6-Qt6==6.11.0
PyQt6_sip==13.11.1
absl-py==2.4.0
flatbuffers==25.12.19
sounddevice==0.5.5
cffi==2.0.0
pycparser==3.0
matplotlib==3.10.8
contourpy==1.3.3
cycler==0.12.1
fonttools==4.62.1
kiwisolver==1.5.0
packaging==26.0
pillow==12.2.0
pyparsing==3.3.2
python-dateutil==2.9.0.post0
six==1.17.0
pyinstaller==6.19.0
pyinstaller-hooks-contrib==2026.4
altgraph==0.17.5
pefile==2024.8.26
pywin32-ctypes==0.2.3
setuptools==82.0.1
